
Microsoft Visual Studio Solution File, Format Version 12.00
# Visual Studio Version 16
VisualStudioVersion = 16.0.31410.357
MinimumVisualStudioVersion = 10.0.40219.1
Project("{9A19103F-16F7-4668-BE54-9A1E7A4F7556}") = "IronPythonExamples", "IronPythonExamples.csproj", "{74963BE1-8DCC-4F66-B03C-6CB2F30C71B9}"
EndProject
Global
	GlobalSection(SolutionConfigurationPlatforms) = preSolution
		Debug|Any CPU = Debug|Any CPU
		Release|Any CPU = Release|Any CPU
	EndGlobalSection
	GlobalSection(ProjectConfigurationPlatforms) = postSolution
		{74963BE1-8DCC-4F66-B03C-6CB2F30C71B9}.Debug|Any CPU.ActiveCfg = Debug|Any CPU
		{74963BE1-8DCC-4F66-B03C-6CB2F30C71B9}.Debug|Any CPU.Build.0 = Debug|Any CPU
		{74963BE1-8DCC-4F66-B03C-6CB2F30C71B9}.Release|Any CPU.ActiveCfg = Release|Any CPU
		{74963BE1-8DCC-4F66-B03C-6CB2F30C71B9}.Release|Any CPU.Build.0 = Release|Any CPU
	EndGlobalSection
	GlobalSection(SolutionProperties) = preSolution
		HideSolutionNode = FALSE
	EndGlobalSection
	GlobalSection(ExtensibilityGlobals) = postSolution
		SolutionGuid = {9F4095A2-DF55-482A-B41E-5CCCD42EEDC6}
	EndGlobalSection
EndGlobal
